// !$*UTF8*$!
{
	archiveVersion = 1;
	classes = {
	};
	objectVersion = 56;
	objects = {

/* Begin PBXBuildFile section */
		5C2F52732B3D12090090F301 /* WidgetDemoApp.swift in Sources */ = {isa = PBXBuildFile; fileRef = 5C2F52722B3D12090090F301 /* WidgetDemoApp.swift */; };
		5C2F52752B3D12090090F301 /* ContentView.swift in Sources */ = {isa = PBXBuildFile; fileRef = 5C2F52742B3D12090090F301 /* ContentView.swift */; };
		5C2F52772B3D120B0090F301 /* Assets.xcassets in Resources */ = {isa = PBXBuildFile; fileRef = 5C2F52762B3D120B0090F301 /* Assets.xcassets */; };
		5C2F527B2B3D120B0090F301 /* Preview Assets.xcassets in Resources */ = {isa = PBXBuildFile; fileRef = 5C2F527A2B3D120B0090F301 /* Preview Assets.xcassets */; };
		5C2F52852B3D120B0090F301 /* WidgetDemoTests.swift in Sources */ = {isa = PBXBuildFile; fileRef = 5C2F52842B3D120B0090F301 /* WidgetDemoTests.swift */; };
		5C2F528F2B3D120B0090F301 /* WidgetDemoUITests.swift in Sources */ = {isa = PBXBuildFile; fileRef = 5C2F528E2B3D120B0090F301 /* WidgetDemoUITests.swift */; };
		5C2F52912B3D120B0090F301 /* WidgetDemoUITestsLaunchTests.swift in Sources */ = {isa = PBXBuildFile; fileRef = 5C2F52902B3D120B0090F301 /* WidgetDemoUITestsLaunchTests.swift */; };
		5C2F52A42B3D128F0090F301 /* WidgetKit.framework in Frameworks */ = {isa = PBXBuildFile; fileRef = 5C2F52A32B3D128F0090F301 /* WidgetKit.framework */; };
		5C2F52A62B3D128F0090F301 /* SwiftUI.framework in Frameworks */ = {isa = PBXBuildFile; fileRef = 5C2F52A52B3D128F0090F301 /* SwiftUI.framework */; };
		5C2F52A92B3D12900090F301 /* WeatherWidgetBundle.swift in Sources */ = {isa = PBXBuildFile; fileRef = 5C2F52A82B3D12900090F301 /* WeatherWidgetBundle.swift */; };
		5C2F52AB2B3D12900090F301 /* WeatherWidgetLiveActivity.swift in Sources */ = {isa = PBXBuildFile; fileRef = 5C2F52AA2B3D12900090F301 /* WeatherWidgetLiveActivity.swift */; };
		5C2F52AD2B3D12900090F301 /* WeatherWidget.swift in Sources */ = {isa = PBXBuildFile; fileRef = 5C2F52AC2B3D12900090F301 /* WeatherWidget.swift */; };
		5C2F52AF2B3D12900090F301 /* AppIntent.swift in Sources */ = {isa = PBXBuildFile; fileRef = 5C2F52AE2B3D12900090F301 /* AppIntent.swift */; };
		5C2F52B12B3D12910090F301 /* Assets.xcassets in Resources */ = {isa = PBXBuildFile; fileRef = 5C2F52B02B3D12910090F301 /* Assets.xcassets */; };
		5C2F52B52B3D12910090F301 /* WeatherWidgetExtension.appex in Embed Foundation Extensions */ = {isa = PBXBuildFile; fileRef = 5C2F52A12B3D128F0090F301 /* WeatherWidgetExtension.appex */; settings = {ATTRIBUTES = (RemoveHeadersOnCopy, ); }; };
		5C2F52BB2B3D16D70090F301 /* WeatherDetailView.swift in Sources */ = {isa = PBXBuildFile; fileRef = 5C2F52BA2B3D16D70090F301 /* WeatherDetailView.swift */; };
		5C2F52BD2B3D32A30090F301 /* WheatherData.swift in Sources */ = {isa = PBXBuildFile; fileRef = 5C2F52BC2B3D32A30090F301 /* WheatherData.swift */; };
		5C2F52BE2B3D32A30090F301 /* WheatherData.swift in Sources */ = {isa = PBXBuildFile; fileRef = 5C2F52BC2B3D32A30090F301 /* WheatherData.swift */; };
/* End PBXBuildFile section */

/* Begin PBXContainerItemProxy section */
		5C2F52812B3D120B0090F301 /* PBXContainerItemProxy */ = {
			isa = PBXContainerItemProxy;
			containerPortal = 5C2F52672B3D12090090F301 /* Project object */;
			proxyType = 1;
			remoteGlobalIDString = 5C2F526E2B3D12090090F301;
			remoteInfo = WidgetDemo;
		};
		5C2F528B2B3D120B0090F301 /* PBXContainerItemProxy */ = {
			isa = PBXContainerItemProxy;
			containerPortal = 5C2F52672B3D12090090F301 /* Project object */;
			proxyType = 1;
			remoteGlobalIDString = 5C2F526E2B3D12090090F301;
			remoteInfo = WidgetDemo;
		};
		5C2F52B32B3D12910090F301 /* PBXContainerItemProxy */ = {
			isa = PBXContainerItemProxy;
			containerPortal = 5C2F52672B3D12090090F301 /* Project object */;
			proxyType = 1;
			remoteGlobalIDString = 5C2F52A02B3D128F0090F301;
			remoteInfo = WeatherWidgetExtension;
		};
/* End PBXContainerItemProxy section */

/* Begin PBXCopyFilesBuildPhase section */
		5C2F52B92B3D12910090F301 /* Embed Foundation Extensions */ = {
			isa = PBXCopyFilesBuildPhase;
			buildActionMask = 2147483647;
			dstPath = "";
			dstSubfolderSpec = 13;
			files = (
				5C2F52B52B3D12910090F301 /* WeatherWidgetExtension.appex in Embed Foundation Extensions */,
			);
			name = "Embed Foundation Extensions";
			runOnlyForDeploymentPostprocessing = 0;
		};
/* End PBXCopyFilesBuildPhase section */

/* Begin PBXFileReference section */
		5C2F526F2B3D12090090F301 /* WidgetDemo.app */ = {isa = PBXFileReference; explicitFileType = wrapper.application; includeInIndex = 0; path = WidgetDemo.app; sourceTree = BUILT_PRODUCTS_DIR; };
		5C2F52722B3D12090090F301 /* WidgetDemoApp.swift */ = {isa = PBXFileReference; lastKnownFileType = sourcecode.swift; path = WidgetDemoApp.swift; sourceTree = "<group>"; };
		5C2F52742B3D12090090F301 /* ContentView.swift */ = {isa = PBXFileReference; lastKnownFileType = sourcecode.swift; path = ContentView.swift; sourceTree = "<group>"; };
		5C2F52762B3D120B0090F301 /* Assets.xcassets */ = {isa = PBXFileReference; lastKnownFileType = folder.assetcatalog; path = Assets.xcassets; sourceTree = "<group>"; };
		5C2F52782B3D120B0090F301 /* WidgetDemo.entitlements */ = {isa = PBXFileReference; lastKnownFileType = text.plist.entitlements; path = WidgetDemo.entitlements; sourceTree = "<group>"; };
		5C2F527A2B3D120B0090F301 /* Preview Assets.xcassets */ = {isa = PBXFileReference; lastKnownFileType = folder.assetcatalog; path = "Preview Assets.xcassets"; sourceTree = "<group>"; };
		5C2F52802B3D120B0090F301 /* WidgetDemoTests.xctest */ = {isa = PBXFileReference; explicitFileType = wrapper.cfbundle; includeInIndex = 0; path = WidgetDemoTests.xctest; sourceTree = BUILT_PRODUCTS_DIR; };
		5C2F52842B3D120B0090F301 /* WidgetDemoTests.swift */ = {isa = PBXFileReference; lastKnownFileType = sourcecode.swift; path = WidgetDemoTests.swift; sourceTree = "<group>"; };
		5C2F528A2B3D120B0090F301 /* WidgetDemoUITests.xctest */ = {isa = PBXFileReference; explicitFileType = wrapper.cfbundle; includeInIndex = 0; path = WidgetDemoUITests.xctest; sourceTree = BUILT_PRODUCTS_DIR; };
		5C2F528E2B3D120B0090F301 /* WidgetDemoUITests.swift */ = {isa = PBXFileReference; lastKnownFileType = sourcecode.swift; path = WidgetDemoUITests.swift; sourceTree = "<group>"; };
		5C2F52902B3D120B0090F301 /* WidgetDemoUITestsLaunchTests.swift */ = {isa = PBXFileReference; lastKnownFileType = sourcecode.swift; path = WidgetDemoUITestsLaunchTests.swift; sourceTree = "<group>"; };
		5C2F52A12B3D128F0090F301 /* WeatherWidgetExtension.appex */ = {isa = PBXFileReference; explicitFileType = "wrapper.app-extension"; includeInIndex = 0; path = WeatherWidgetExtension.appex; sourceTree = BUILT_PRODUCTS_DIR; };
		5C2F52A32B3D128F0090F301 /* WidgetKit.framework */ = {isa = PBXFileReference; lastKnownFileType = wrapper.framework; name = WidgetKit.framework; path = System/Library/Frameworks/WidgetKit.framework; sourceTree = SDKROOT; };
		5C2F52A52B3D128F0090F301 /* SwiftUI.framework */ = {isa = PBXFileReference; lastKnownFileType = wrapper.framework; name = SwiftUI.framework; path = System/Library/Frameworks/SwiftUI.framework; sourceTree = SDKROOT; };
		5C2F52A82B3D12900090F301 /* WeatherWidgetBundle.swift */ = {isa = PBXFileReference; lastKnownFileType = sourcecode.swift; path = WeatherWidgetBundle.swift; sourceTree = "<group>"; };
		5C2F52AA2B3D12900090F301 /* WeatherWidgetLiveActivity.swift */ = {isa = PBXFileReference; lastKnownFileType = sourcecode.swift; path = WeatherWidgetLiveActivity.swift; sourceTree = "<group>"; };
		5C2F52AC2B3D12900090F301 /* WeatherWidget.swift */ = {isa = PBXFileReference; lastKnownFileType = sourcecode.swift; path = WeatherWidget.swift; sourceTree = "<group>"; };
		5C2F52AE2B3D12900090F301 /* AppIntent.swift */ = {isa = PBXFileReference; lastKnownFileType = sourcecode.swift; path = AppIntent.swift; sourceTree = "<group>"; };
		5C2F52B02B3D12910090F301 /* Assets.xcassets */ = {isa = PBXFileReference; lastKnownFileType = folder.assetcatalog; path = Assets.xcassets; sourceTree = "<group>"; };
		5C2F52B22B3D12910090F301 /* Info.plist */ = {isa = PBXFileReference; lastKnownFileType = text.plist.xml; path = Info.plist; sourceTree = "<group>"; };
		5C2F52BA2B3D16D70090F301 /* WeatherDetailView.swift */ = {isa = PBXFileReference; lastKnownFileType = sourcecode.swift; path = WeatherDetailView.swift; sourceTree = "<group>"; };
		5C2F52BC2B3D32A30090F301 /* WheatherData.swift */ = {isa = PBXFileReference; lastKnownFileType = sourcecode.swift; path = WheatherData.swift; sourceTree = "<group>"; };
/* End PBXFileReference section */

/* Begin PBXFrameworksBuildPhase section */
		5C2F526C2B3D12090090F301 /* Frameworks */ = {
			isa = PBXFrameworksBuildPhase;
			buildActionMask = 2147483647;
			files = (
			);
			runOnlyForDeploymentPostprocessing = 0;
		};
		5C2F527D2B3D120B0090F301 /* Frameworks */ = {
			isa = PBXFrameworksBuildPhase;
			buildActionMask = 2147483647;
			files = (
			);
			runOnlyForDeploymentPostprocessing = 0;
		};
		5C2F52872B3D120B0090F301 /* Frameworks */ = {
			isa = PBXFrameworksBuildPhase;
			buildActionMask = 2147483647;
			files = (
			);
			runOnlyForDeploymentPostprocessing = 0;
		};
		5C2F529E2B3D128F0090F301 /* Frameworks */ = {
			isa = PBXFrameworksBuildPhase;
			buildActionMask = 2147483647;
			files = (
				5C2F52A62B3D128F0090F301 /* SwiftUI.framework in Frameworks */,
				5C2F52A42B3D128F0090F301 /* WidgetKit.framework in Frameworks */,
			);
			runOnlyForDeploymentPostprocessing = 0;
		};
/* End PBXFrameworksBuildPhase section */

/* Begin PBXGroup section */
		5C2F52662B3D12090090F301 = {
			isa = PBXGroup;
			children = (
				5C2F52712B3D12090090F301 /* WidgetDemo */,
				5C2F52832B3D120B0090F301 /* WidgetDemoTests */,
				5C2F528D2B3D120B0090F301 /* WidgetDemoUITests */,
				5C2F52A72B3D128F0090F301 /* WeatherWidget */,
				5C2F52A22B3D128F0090F301 /* Frameworks */,
				5C2F52702B3D12090090F301 /* Products */,
			);
			sourceTree = "<group>";
		};
		5C2F52702B3D12090090F301 /* Products */ = {
			isa = PBXGroup;
			children = (
				5C2F526F2B3D12090090F301 /* WidgetDemo.app */,
				5C2F52802B3D120B0090F301 /* WidgetDemoTests.xctest */,
				5C2F528A2B3D120B0090F301 /* WidgetDemoUITests.xctest */,
				5C2F52A12B3D128F0090F301 /* WeatherWidgetExtension.appex */,
			);
			name = Products;
			sourceTree = "<group>";
		};
		5C2F52712B3D12090090F301 /* WidgetDemo */ = {
			isa = PBXGroup;
			children = (
				5C2F52722B3D12090090F301 /* WidgetDemoApp.swift */,
				5C2F52742B3D12090090F301 /* ContentView.swift */,
				5C2F52BA2B3D16D70090F301 /* WeatherDetailView.swift */,
				5C2F52BC2B3D32A30090F301 /* WheatherData.swift */,
				5C2F52762B3D120B0090F301 /* Assets.xcassets */,
				5C2F52782B3D120B0090F301 /* WidgetDemo.entitlements */,
				5C2F52792B3D120B0090F301 /* Preview Content */,
			);
			path = WidgetDemo;
			sourceTree = "<group>";
		};
		5C2F52792B3D120B0090F301 /* Preview Content */ = {
			isa = PBXGroup;
			children = (
				5C2F527A2B3D120B0090F301 /* Preview Assets.xcassets */,
			);
			path = "Preview Content";
			sourceTree = "<group>";
		};
		5C2F52832B3D120B0090F301 /* WidgetDemoTests */ = {
			isa = PBXGroup;
			children = (
				5C2F52842B3D120B0090F301 /* WidgetDemoTests.swift */,
			);
			path = WidgetDemoTests;
			sourceTree = "<group>";
		};
		5C2F528D2B3D120B0090F301 /* WidgetDemoUITests */ = {
			isa = PBXGroup;
			children = (
				5C2F528E2B3D120B0090F301 /* WidgetDemoUITests.swift */,
				5C2F52902B3D120B0090F301 /* WidgetDemoUITestsLaunchTests.swift */,
			);
			path = WidgetDemoUITests;
			sourceTree = "<group>";
		};
		5C2F52A22B3D128F0090F301 /* Frameworks */ = {
			isa = PBXGroup;
			children = (
				5C2F52A32B3D128F0090F301 /* WidgetKit.framework */,
				5C2F52A52B3D128F0090F301 /* SwiftUI.framework */,
			);
			name = Frameworks;
			sourceTree = "<group>";
		};
		5C2F52A72B3D128F0090F301 /* WeatherWidget */ = {
			isa = PBXGroup;
			children = (
				5C2F52A82B3D12900090F301 /* WeatherWidgetBundle.swift */,
				5C2F52AA2B3D12900090F301 /* WeatherWidgetLiveActivity.swift */,
				5C2F52AC2B3D12900090F301 /* WeatherWidget.swift */,
				5C2F52AE2B3D12900090F301 /* AppIntent.swift */,
				5C2F52B02B3D12910090F301 /* Assets.xcassets */,
				5C2F52B22B3D12910090F301 /* Info.plist */,
			);
			path = WeatherWidget;
			sourceTree = "<group>";
		};
/* End PBXGroup section */

/* Begin PBXNativeTarget section */
		5C2F526E2B3D12090090F301 /* WidgetDemo */ = {
			isa = PBXNativeTarget;
			buildConfigurationList = 5C2F52942B3D120B0090F301 /* Build configuration list for PBXNativeTarget "WidgetDemo" */;
			buildPhases = (
				5C2F526B2B3D12090090F301 /* Sources */,
				5C2F526C2B3D12090090F301 /* Frameworks */,
				5C2F526D2B3D12090090F301 /* Resources */,
				5C2F52B92B3D12910090F301 /* Embed Foundation Extensions */,
			);
			buildRules = (
			);
			dependencies = (
				5C2F52B42B3D12910090F301 /* PBXTargetDependency */,
			);
			name = WidgetDemo;
			productName = WidgetDemo;
			productReference = 5C2F526F2B3D12090090F301 /* WidgetDemo.app */;
			productType = "com.apple.product-type.application";
		};
		5C2F527F2B3D120B0090F301 /* WidgetDemoTests */ = {
			isa = PBXNativeTarget;
			buildConfigurationList = 5C2F52972B3D120B0090F301 /* Build configuration list for PBXNativeTarget "WidgetDemoTests" */;
			buildPhases = (
				5C2F527C2B3D120B0090F301 /* Sources */,
				5C2F527D2B3D120B0090F301 /* Frameworks */,
				5C2F527E2B3D120B0090F301 /* Resources */,
			);
			buildRules = (
			);
			dependencies = (
				5C2F52822B3D120B0090F301 /* PBXTargetDependency */,
			);
			name = WidgetDemoTests;
			productName = WidgetDemoTests;
			productReference = 5C2F52802B3D120B0090F301 /* WidgetDemoTests.xctest */;
			productType = "com.apple.product-type.bundle.unit-test";
		};
		5C2F52892B3D120B0090F301 /* WidgetDemoUITests */ = {
			isa = PBXNativeTarget;
			buildConfigurationList = 5C2F529A2B3D120B0090F301 /* Build configuration list for PBXNativeTarget "WidgetDemoUITests" */;
			buildPhases = (
				5C2F52862B3D120B0090F301 /* Sources */,
				5C2F52872B3D120B0090F301 /* Frameworks */,
				5C2F52882B3D120B0090F301 /* Resources */,
			);
			buildRules = (
			);
			dependencies = (
				5C2F528C2B3D120B0090F301 /* PBXTargetDependency */,
			);
			name = WidgetDemoUITests;
			productName = WidgetDemoUITests;
			productReference = 5C2F528A2B3D120B0090F301 /* WidgetDemoUITests.xctest */;
			productType = "com.apple.product-type.bundle.ui-testing";
		};
		5C2F52A02B3D128F0090F301 /* WeatherWidgetExtension */ = {
			isa = PBXNativeTarget;
			buildConfigurationList = 5C2F52B62B3D12910090F301 /* Build configuration list for PBXNativeTarget "WeatherWidgetExtension" */;
			buildPhases = (
				5C2F529D2B3D128F0090F301 /* Sources */,
				5C2F529E2B3D128F0090F301 /* Frameworks */,
				5C2F529F2B3D128F0090F301 /* Resources */,
			);
			buildRules = (
			);
			dependencies = (
			);
			name = WeatherWidgetExtension;
			productName = WeatherWidgetExtension;
			productReference = 5C2F52A12B3D128F0090F301 /* WeatherWidgetExtension.appex */;
			productType = "com.apple.product-type.app-extension";
		};
/* End PBXNativeTarget section */

/* Begin PBXProject section */
		5C2F52672B3D12090090F301 /* Project object */ = {
			isa = PBXProject;
			attributes = {
				BuildIndependentTargetsInParallel = 1;
				LastSwiftUpdateCheck = 1510;
				LastUpgradeCheck = 1510;
				TargetAttributes = {
					5C2F526E2B3D12090090F301 = {
						CreatedOnToolsVersion = 15.1;
					};
					5C2F527F2B3D120B0090F301 = {
						CreatedOnToolsVersion = 15.1;
						TestTargetID = 5C2F526E2B3D12090090F301;
					};
					5C2F52892B3D120B0090F301 = {
						CreatedOnToolsVersion = 15.1;
						TestTargetID = 5C2F526E2B3D12090090F301;
					};
					5C2F52A02B3D128F0090F301 = {
						CreatedOnToolsVersion = 15.1;
					};
				};
			};
			buildConfigurationList = 5C2F526A2B3D12090090F301 /* Build configuration list for PBXProject "WidgetDemo" */;
			compatibilityVersion = "Xcode 14.0";
			developmentRegion = en;
			hasScannedForEncodings = 0;
			knownRegions = (
				en,
				Base,
			);
			mainGroup = 5C2F52662B3D12090090F301;
			productRefGroup = 5C2F52702B3D12090090F301 /* Products */;
			projectDirPath = "";
			projectRoot = "";
			targets = (
				5C2F526E2B3D12090090F301 /* WidgetDemo */,
				5C2F527F2B3D120B0090F301 /* WidgetDemoTests */,
				5C2F52892B3D120B0090F301 /* WidgetDemoUITests */,
				5C2F52A02B3D128F0090F301 /* WeatherWidgetExtension */,
			);
		};
/* End PBXProject section */

/* Begin PBXResourcesBuildPhase section */
		5C2F526D2B3D12090090F301 /* Resources */ = {
			isa = PBXResourcesBuildPhase;
			buildActionMask = 2147483647;
			files = (
				5C2F527B2B3D120B0090F301 /* Preview Assets.xcassets in Resources */,
				5C2F52772B3D120B0090F301 /* Assets.xcassets in Resources */,
			);
			runOnlyForDeploymentPostprocessing = 0;
		};
		5C2F527E2B3D120B0090F301 /* Resources */ = {
			isa = PBXResourcesBuildPhase;
			buildActionMask = 2147483647;
			files = (
			);
			runOnlyForDeploymentPostprocessing = 0;
		};
		5C2F52882B3D120B0090F301 /* Resources */ = {
			isa = PBXResourcesBuildPhase;
			buildActionMask = 2147483647;
			files = (
			);
			runOnlyForDeploymentPostprocessing = 0;
		};
		5C2F529F2B3D128F0090F301 /* Resources */ = {
			isa = PBXResourcesBuildPhase;
			buildActionMask = 2147483647;
			files = (
				5C2F52B12B3D12910090F301 /* Assets.xcassets in Resources */,
			);
			runOnlyForDeploymentPostprocessing = 0;
		};
/* End PBXResourcesBuildPhase section */

/* Begin PBXSourcesBuildPhase section */
		5C2F526B2B3D12090090F301 /* Sources */ = {
			isa = PBXSourcesBuildPhase;
			buildActionMask = 2147483647;
			files = (
				5C2F52752B3D12090090F301 /* ContentView.swift in Sources */,
				5C2F52732B3D12090090F301 /* WidgetDemoApp.swift in Sources */,
				5C2F52BB2B3D16D70090F301 /* WeatherDetailView.swift in Sources */,
				5C2F52BD2B3D32A30090F301 /* WheatherData.swift in Sources */,
			);
			runOnlyForDeploymentPostprocessing = 0;
		};
		5C2F527C2B3D120B0090F301 /* Sources */ = {
			isa = PBXSourcesBuildPhase;
			buildActionMask = 2147483647;
			files = (
				5C2F52852B3D120B0090F301 /* WidgetDemoTests.swift in Sources */,
			);
			runOnlyForDeploymentPostprocessing = 0;
		};
		5C2F52862B3D120B0090F301 /* Sources */ = {
			isa = PBXSourcesBuildPhase;
			buildActionMask = 2147483647;
			files = (
				5C2F528F2B3D120B0090F301 /* WidgetDemoUITests.swift in Sources */,
				5C2F52912B3D120B0090F301 /* WidgetDemoUITestsLaunchTests.swift in Sources */,
			);
			runOnlyForDeploymentPostprocessing = 0;
		};
		5C2F529D2B3D128F0090F301 /* Sources */ = {
			isa = PBXSourcesBuildPhase;
			buildActionMask = 2147483647;
			files = (
				5C2F52A92B3D12900090F301 /* WeatherWidgetBundle.swift in Sources */,
				5C2F52AF2B3D12900090F301 /* AppIntent.swift in Sources */,
				5C2F52AB2B3D12900090F301 /* WeatherWidgetLiveActivity.swift in Sources */,
				5C2F52BE2B3D32A30090F301 /* WheatherData.swift in Sources */,
				5C2F52AD2B3D12900090F301 /* WeatherWidget.swift in Sources */,
			);
			runOnlyForDeploymentPostprocessing = 0;
		};
/* End PBXSourcesBuildPhase section */

/* Begin PBXTargetDependency section */
		5C2F52822B3D120B0090F301 /* PBXTargetDependency */ = {
			isa = PBXTargetDependency;
			target = 5C2F526E2B3D12090090F301 /* WidgetDemo */;
			targetProxy = 5C2F52812B3D120B0090F301 /* PBXContainerItemProxy */;
		};
		5C2F528C2B3D120B0090F301 /* PBXTargetDependency */ = {
			isa = PBXTargetDependency;
			target = 5C2F526E2B3D12090090F301 /* WidgetDemo */;
			targetProxy = 5C2F528B2B3D120B0090F301 /* PBXContainerItemProxy */;
		};
		5C2F52B42B3D12910090F301 /* PBXTargetDependency */ = {
			isa = PBXTargetDependency;
			target = 5C2F52A02B3D128F0090F301 /* WeatherWidgetExtension */;
			targetProxy = 5C2F52B32B3D12910090F301 /* PBXContainerItemProxy */;
		};
/* End PBXTargetDependency section */

/* Begin XCBuildConfiguration section */
		5C2F52922B3D120B0090F301 /* Debug */ = {
			isa = XCBuildConfiguration;
			buildSettings = {
				ALWAYS_SEARCH_USER_PATHS = NO;
				ASSETCATALOG_COMPILER_GENERATE_SWIFT_ASSET_SYMBOL_EXTENSIONS = YES;
				CLANG_ANALYZER_NONNULL = YES;
				CLANG_ANALYZER_NUMBER_OBJECT_CONVERSION = YES_AGGRESSIVE;
				CLANG_CXX_LANGUAGE_STANDARD = "gnu++20";
				CLANG_ENABLE_MODULES = YES;
				CLANG_ENABLE_OBJC_ARC = YES;
				CLANG_ENABLE_OBJC_WEAK = YES;
				CLANG_WARN_BLOCK_CAPTURE_AUTORELEASING = YES;
				CLANG_WARN_BOOL_CONVERSION = YES;
				CLANG_WARN_COMMA = YES;
				CLANG_WARN_CONSTANT_CONVERSION = YES;
				CLANG_WARN_DEPRECATED_OBJC_IMPLEMENTATIONS = YES;
				CLANG_WARN_DIRECT_OBJC_ISA_USAGE = YES_ERROR;
				CLANG_WARN_DOCUMENTATION_COMMENTS = YES;
				CLANG_WARN_EMPTY_BODY = YES;
				CLANG_WARN_ENUM_CONVERSION = YES;
				CLANG_WARN_INFINITE_RECURSION = YES;
				CLANG_WARN_INT_CONVERSION = YES;
				CLANG_WARN_NON_LITERAL_NULL_CONVERSION = YES;
				CLANG_WARN_OBJC_IMPLICIT_RETAIN_SELF = YES;
				CLANG_WARN_OBJC_LITERAL_CONVERSION = YES;
				CLANG_WARN_OBJC_ROOT_CLASS = YES_ERROR;
				CLANG_WARN_QUOTED_INCLUDE_IN_FRAMEWORK_HEADER = YES;
				CLANG_WARN_RANGE_LOOP_ANALYSIS = YES;
				CLANG_WARN_STRICT_PROTOTYPES = YES;
				CLANG_WARN_SUSPICIOUS_MOVE = YES;
				CLANG_WARN_UNGUARDED_AVAILABILITY = YES_AGGRESSIVE;
				CLANG_WARN_UNREACHABLE_CODE = YES;
				CLANG_WARN__DUPLICATE_METHOD_MATCH = YES;
				COPY_PHASE_STRIP = NO;
				DEBUG_INFORMATION_FORMAT = dwarf;
				ENABLE_STRICT_OBJC_MSGSEND = YES;
				ENABLE_TESTABILITY = YES;
				ENABLE_USER_SCRIPT_SANDBOXING = YES;
				GCC_C_LANGUAGE_STANDARD = gnu17;
				GCC_DYNAMIC_NO_PIC = NO;
				GCC_NO_COMMON_BLOCKS = YES;
				GCC_OPTIMIZATION_LEVEL = 0;
				GCC_PREPROCESSOR_DEFINITIONS = (
					"DEBUG=1",
					"$(inherited)",
				);
				GCC_WARN_64_TO_32_BIT_CONVERSION = YES;
				GCC_WARN_ABOUT_RETURN_TYPE = YES_ERROR;
				GCC_WARN_UNDECLARED_SELECTOR = YES;
				GCC_WARN_UNINITIALIZED_AUTOS = YES_AGGRESSIVE;
				GCC_WARN_UNUSED_FUNCTION = YES;
				GCC_WARN_UNUSED_VARIABLE = YES;
				LOCALIZATION_PREFERS_STRING_CATALOGS = YES;
				MTL_ENABLE_DEBUG_INFO = INCLUDE_SOURCE;
				MTL_FAST_MATH = YES;
				ONLY_ACTIVE_ARCH = YES;
				SWIFT_ACTIVE_COMPILATION_CONDITIONS = "DEBUG $(inherited)";
				SWIFT_OPTIMIZATION_LEVEL = "-Onone";
			};
			name = Debug;
		};
		5C2F52932B3D120B0090F301 /* Release */ = {
			isa = XCBuildConfiguration;
			buildSettings = {
				ALWAYS_SEARCH_USER_PATHS = NO;
				ASSETCATALOG_COMPILER_GENERATE_SWIFT_ASSET_SYMBOL_EXTENSIONS = YES;
				CLANG_ANALYZER_NONNULL = YES;
				CLANG_ANALYZER_NUMBER_OBJECT_CONVERSION = YES_AGGRESSIVE;
				CLANG_CXX_LANGUAGE_STANDARD = "gnu++20";
				CLANG_ENABLE_MODULES = YES;
				CLANG_ENABLE_OBJC_ARC = YES;
				CLANG_ENABLE_OBJC_WEAK = YES;
				CLANG_WARN_BLOCK_CAPTURE_AUTORELEASING = YES;
				CLANG_WARN_BOOL_CONVERSION = YES;
				CLANG_WARN_COMMA = YES;
				CLANG_WARN_CONSTANT_CONVERSION = YES;
				CLANG_WARN_DEPRECATED_OBJC_IMPLEMENTATIONS = YES;
				CLANG_WARN_DIRECT_OBJC_ISA_USAGE = YES_ERROR;
				CLANG_WARN_DOCUMENTATION_COMMENTS = YES;
				CLANG_WARN_EMPTY_BODY = YES;
				CLANG_WARN_ENUM_CONVERSION = YES;
				CLANG_WARN_INFINITE_RECURSION = YES;
				CLANG_WARN_INT_CONVERSION = YES;
				CLANG_WARN_NON_LITERAL_NULL_CONVERSION = YES;
				CLANG_WARN_OBJC_IMPLICIT_RETAIN_SELF = YES;
				CLANG_WARN_OBJC_LITERAL_CONVERSION = YES;
				CLANG_WARN_OBJC_ROOT_CLASS = YES_ERROR;
				CLANG_WARN_QUOTED_INCLUDE_IN_FRAMEWORK_HEADER = YES;
				CLANG_WARN_RANGE_LOOP_ANALYSIS = YES;
				CLANG_WARN_STRICT_PROTOTYPES = YES;
				CLANG_WARN_SUSPICIOUS_MOVE = YES;
				CLANG_WARN_UNGUARDED_AVAILABILITY = YES_AGGRESSIVE;
				CLANG_WARN_UNREACHABLE_CODE = YES;
				CLANG_WARN__DUPLICATE_METHOD_MATCH = YES;
				COPY_PHASE_STRIP = NO;
				DEBUG_INFORMATION_FORMAT = "dwarf-with-dsym";
				ENABLE_NS_ASSERTIONS = NO;
				ENABLE_STRICT_OBJC_MSGSEND = YES;
				ENABLE_USER_SCRIPT_SANDBOXING = YES;
				GCC_C_LANGUAGE_STANDARD = gnu17;
				GCC_NO_COMMON_BLOCKS = YES;
				GCC_WARN_64_TO_32_BIT_CONVERSION = YES;
				GCC_WARN_ABOUT_RETURN_TYPE = YES_ERROR;
				GCC_WARN_UNDECLARED_SELECTOR = YES;
				GCC_WARN_UNINITIALIZED_AUTOS = YES_AGGRESSIVE;
				GCC_WARN_UNUSED_FUNCTION = YES;
				GCC_WARN_UNUSED_VARIABLE = YES;
				LOCALIZATION_PREFERS_STRING_CATALOGS = YES;
				MTL_ENABLE_DEBUG_INFO = NO;
				MTL_FAST_MATH = YES;
				SWIFT_COMPILATION_MODE = wholemodule;
			};
			name = Release;
		};
		5C2F52952B3D120B0090F301 /* Debug */ = {
			isa = XCBuildConfiguration;
			buildSettings = {
				ALWAYS_EMBED_SWIFT_STANDARD_LIBRARIES = YES;
				ASSETCATALOG_COMPILER_APPICON_NAME = AppIcon;
				ASSETCATALOG_COMPILER_GLOBAL_ACCENT_COLOR_NAME = AccentColor;
				CODE_SIGN_ENTITLEMENTS = WidgetDemo/WidgetDemo.entitlements;
				CODE_SIGN_STYLE = Automatic;
				CURRENT_PROJECT_VERSION = 1;
				DEVELOPMENT_ASSET_PATHS = "\"WidgetDemo/Preview Content\"";
				DEVELOPMENT_TEAM = KVX67TSKSQ;
				ENABLE_HARDENED_RUNTIME = YES;
				ENABLE_PREVIEWS = YES;
				GENERATE_INFOPLIST_FILE = YES;
				"INFOPLIST_KEY_UIApplicationSceneManifest_Generation[sdk=iphoneos*]" = YES;
				"INFOPLIST_KEY_UIApplicationSceneManifest_Generation[sdk=iphonesimulator*]" = YES;
				"INFOPLIST_KEY_UIApplicationSupportsIndirectInputEvents[sdk=iphoneos*]" = YES;
				"INFOPLIST_KEY_UIApplicationSupportsIndirectInputEvents[sdk=iphonesimulator*]" = YES;
				"INFOPLIST_KEY_UILaunchScreen_Generation[sdk=iphoneos*]" = YES;
				"INFOPLIST_KEY_UILaunchScreen_Generation[sdk=iphonesimulator*]" = YES;
				"INFOPLIST_KEY_UIStatusBarStyle[sdk=iphoneos*]" = UIStatusBarStyleDefault;
				"INFOPLIST_KEY_UIStatusBarStyle[sdk=iphonesimulator*]" = UIStatusBarStyleDefault;
				INFOPLIST_KEY_UISupportedInterfaceOrientations_iPad = "UIInterfaceOrientationPortrait UIInterfaceOrientationPortraitUpsideDown UIInterfaceOrientationLandscapeLeft UIInterfaceOrientationLandscapeRight";
				INFOPLIST_KEY_UISupportedInterfaceOrientations_iPhone = "UIInterfaceOrientationPortrait UIInterfaceOrientationLandscapeLeft UIInterfaceOrientationLandscapeRight";
				IPHONEOS_DEPLOYMENT_TARGET = 17.2;
				LD_RUNPATH_SEARCH_PATHS = "@executable_path/Frameworks";
				"LD_RUNPATH_SEARCH_PATHS[sdk=macosx*]" = "@executable_path/../Frameworks";
				MACOSX_DEPLOYMENT_TARGET = 13.5;
				MARKETING_VERSION = 1.0;
				PRODUCT_BUNDLE_IDENTIFIER = net.jihoon.WidgetDemo;
				PRODUCT_NAME = "$(TARGET_NAME)";
				SDKROOT = auto;
				SUPPORTED_PLATFORMS = "iphoneos iphonesimulator macosx";
				SWIFT_EMIT_LOC_STRINGS = YES;
				SWIFT_VERSION = 5.0;
				TARGETED_DEVICE_FAMILY = "1,2";
			};
			name = Debug;
		};
		5C2F52962B3D120B0090F301 /* Release */ = {
			isa = XCBuildConfiguration;
			buildSettings = {
				ALWAYS_EMBED_SWIFT_STANDARD_LIBRARIES = YES;
				ASSETCATALOG_COMPILER_APPICON_NAME = AppIcon;
				ASSETCATALOG_COMPILER_GLOBAL_ACCENT_COLOR_NAME = AccentColor;
				CODE_SIGN_ENTITLEMENTS = WidgetDemo/WidgetDemo.entitlements;
				CODE_SIGN_STYLE = Automatic;
				CURRENT_PROJECT_VERSION = 1;
				DEVELOPMENT_ASSET_PATHS = "\"WidgetDemo/Preview Content\"";
				DEVELOPMENT_TEAM = KVX67TSKSQ;
				ENABLE_HARDENED_RUNTIME = YES;
				ENABLE_PREVIEWS = YES;
				GENERATE_INFOPLIST_FILE = YES;
				"INFOPLIST_KEY_UIApplicationSceneManifest_Generation[sdk=iphoneos*]" = YES;
				"INFOPLIST_KEY_UIApplicationSceneManifest_Generation[sdk=iphonesimulator*]" = YES;
				"INFOPLIST_KEY_UIApplicationSupportsIndirectInputEvents[sdk=iphoneos*]" = YES;
				"INFOPLIST_KEY_UIApplicationSupportsIndirectInputEvents[sdk=iphonesimulator*]" = YES;
				"INFOPLIST_KEY_UILaunchScreen_Generation[sdk=iphoneos*]" = YES;
				"INFOPLIST_KEY_UILaunchScreen_Generation[sdk=iphonesimulator*]" = YES;
				"INFOPLIST_KEY_UIStatusBarStyle[sdk=iphoneos*]" = UIStatusBarStyleDefault;
				"INFOPLIST_KEY_UIStatusBarStyle[sdk=iphonesimulator*]" = UIStatusBarStyleDefault;
				INFOPLIST_KEY_UISupportedInterfaceOrientations_iPad = "UIInterfaceOrientationPortrait UIInterfaceOrientationPortraitUpsideDown UIInterfaceOrientationLandscapeLeft UIInterfaceOrientationLandscapeRight";
				INFOPLIST_KEY_UISupportedInterfaceOrientations_iPhone = "UIInterfaceOrientationPortrait UIInterfaceOrientationLandscapeLeft UIInterfaceOrientationLandscapeRight";
				IPHONEOS_DEPLOYMENT_TARGET = 17.2;
				LD_RUNPATH_SEARCH_PATHS = "@executable_path/Frameworks";
				"LD_RUNPATH_SEARCH_PATHS[sdk=macosx*]" = "@executable_path/../Frameworks";
				MACOSX_DEPLOYMENT_TARGET = 13.5;
				MARKETING_VERSION = 1.0;
				PRODUCT_BUNDLE_IDENTIFIER = net.jihoon.WidgetDemo;
				PRODUCT_NAME = "$(TARGET_NAME)";
				SDKROOT = auto;
				SUPPORTED_PLATFORMS = "iphoneos iphonesimulator macosx";
				SWIFT_EMIT_LOC_STRINGS = YES;
				SWIFT_VERSION = 5.0;
				TARGETED_DEVICE_FAMILY = "1,2";
			};
			name = Release;
		};
		5C2F52982B3D120B0090F301 /* Debug */ = {
			isa = XCBuildConfiguration;
			buildSettings = {
				ALWAYS_EMBED_SWIFT_STANDARD_LIBRARIES = YES;
				BUNDLE_LOADER = "$(TEST_HOST)";
				CODE_SIGN_STYLE = Automatic;
				CURRENT_PROJECT_VERSION = 1;
				DEVELOPMENT_TEAM = KVX67TSKSQ;
				GENERATE_INFOPLIST_FILE = YES;
				IPHONEOS_DEPLOYMENT_TARGET = 17.2;
				MACOSX_DEPLOYMENT_TARGET = 13.5;
				MARKETING_VERSION = 1.0;
				PRODUCT_BUNDLE_IDENTIFIER = net.jihoon.WidgetDemoTests;
				PRODUCT_NAME = "$(TARGET_NAME)";
				SDKROOT = auto;
				SUPPORTED_PLATFORMS = "iphoneos iphonesimulator macosx";
				SWIFT_EMIT_LOC_STRINGS = NO;
				SWIFT_VERSION = 5.0;
				TARGETED_DEVICE_FAMILY = "1,2";
				TEST_HOST = "$(BUILT_PRODUCTS_DIR)/WidgetDemo.app/$(BUNDLE_EXECUTABLE_FOLDER_PATH)/WidgetDemo";
			};
			name = Debug;
		};
		5C2F52992B3D120B0090F301 /* Release */ = {
			isa = XCBuildConfiguration;
			buildSettings = {
				ALWAYS_EMBED_SWIFT_STANDARD_LIBRARIES = YES;
				BUNDLE_LOADER = "$(TEST_HOST)";
				CODE_SIGN_STYLE = Automatic;
				CURRENT_PROJECT_VERSION = 1;
				DEVELOPMENT_TEAM = KVX67TSKSQ;
				GENERATE_INFOPLIST_FILE = YES;
				IPHONEOS_DEPLOYMENT_TARGET = 17.2;
				MACOSX_DEPLOYMENT_TARGET = 13.5;
				MARKETING_VERSION = 1.0;
				PRODUCT_BUNDLE_IDENTIFIER = net.jihoon.WidgetDemoTests;
				PRODUCT_NAME = "$(TARGET_NAME)";
				SDKROOT = auto;
				SUPPORTED_PLATFORMS = "iphoneos iphonesimulator macosx";
				SWIFT_EMIT_LOC_STRINGS = NO;
				SWIFT_VERSION = 5.0;
				TARGETED_DEVICE_FAMILY = "1,2";
				TEST_HOST = "$(BUILT_PRODUCTS_DIR)/WidgetDemo.app/$(BUNDLE_EXECUTABLE_FOLDER_PATH)/WidgetDemo";
			};
			name = Release;
		};
		5C2F529B2B3D120B0090F301 /* Debug */ = {
			isa = XCBuildConfiguration;
			buildSettings = {
				ALWAYS_EMBED_SWIFT_STANDARD_LIBRARIES = YES;
				CODE_SIGN_STYLE = Automatic;
				CURRENT_PROJECT_VERSION = 1;
				DEVELOPMENT_TEAM = KVX67TSKSQ;
				GENERATE_INFOPLIST_FILE = YES;
				IPHONEOS_DEPLOYMENT_TARGET = 17.2;
				MACOSX_DEPLOYMENT_TARGET = 13.5;
				MARKETING_VERSION = 1.0;
				PRODUCT_BUNDLE_IDENTIFIER = net.jihoon.WidgetDemoUITests;
				PRODUCT_NAME = "$(TARGET_NAME)";
				SDKROOT = auto;
				SUPPORTED_PLATFORMS = "iphoneos iphonesimulator macosx";
				SWIFT_EMIT_LOC_STRINGS = NO;
				SWIFT_VERSION = 5.0;
				TARGETED_DEVICE_FAMILY = "1,2";
				TEST_TARGET_NAME = WidgetDemo;
			};
			name = Debug;
		};
		5C2F529C2B3D120B0090F301 /* Release */ = {
			isa = XCBuildConfiguration;
			buildSettings = {
				ALWAYS_EMBED_SWIFT_STANDARD_LIBRARIES = YES;
				CODE_SIGN_STYLE = Automatic;
				CURRENT_PROJECT_VERSION = 1;
				DEVELOPMENT_TEAM = KVX67TSKSQ;
				GENERATE_INFOPLIST_FILE = YES;
				IPHONEOS_DEPLOYMENT_TARGET = 17.2;
				MACOSX_DEPLOYMENT_TARGET = 13.5;
				MARKETING_VERSION = 1.0;
				PRODUCT_BUNDLE_IDENTIFIER = net.jihoon.WidgetDemoUITests;
				PRODUCT_NAME = "$(TARGET_NAME)";
				SDKROOT = auto;
				SUPPORTED_PLATFORMS = "iphoneos iphonesimulator macosx";
				SWIFT_EMIT_LOC_STRINGS = NO;
				SWIFT_VERSION = 5.0;
				TARGETED_DEVICE_FAMILY = "1,2";
				TEST_TARGET_NAME = WidgetDemo;
			};
			name = Release;
		};
		5C2F52B72B3D12910090F301 /* Debug */ = {
			isa = XCBuildConfiguration;
			buildSettings = {
				ASSETCATALOG_COMPILER_GLOBAL_ACCENT_COLOR_NAME = AccentColor;
				ASSETCATALOG_COMPILER_WIDGET_BACKGROUND_COLOR_NAME = WidgetBackground;
				CODE_SIGN_STYLE = Automatic;
				CURRENT_PROJECT_VERSION = 1;
				DEVELOPMENT_TEAM = KVX67TSKSQ;
				GENERATE_INFOPLIST_FILE = YES;
				INFOPLIST_FILE = WeatherWidget/Info.plist;
				INFOPLIST_KEY_CFBundleDisplayName = WeatherWidget;
				INFOPLIST_KEY_NSHumanReadableCopyright = "";
				IPHONEOS_DEPLOYMENT_TARGET = 17.2;
				LD_RUNPATH_SEARCH_PATHS = (
					"$(inherited)",
					"@executable_path/Frameworks",
					"@executable_path/../../Frameworks",
				);
				MARKETING_VERSION = 1.0;
				PRODUCT_BUNDLE_IDENTIFIER = net.jihoon.WidgetDemo.WeatherWidget;
				PRODUCT_NAME = "$(TARGET_NAME)";
				SDKROOT = iphoneos;
				SKIP_INSTALL = YES;
				SWIFT_EMIT_LOC_STRINGS = YES;
				SWIFT_VERSION = 5.0;
				TARGETED_DEVICE_FAMILY = "1,2";
			};
			name = Debug;
		};
		5C2F52B82B3D12910090F301 /* Release */ = {
			isa = XCBuildConfiguration;
			buildSettings = {
				ASSETCATALOG_COMPILER_GLOBAL_ACCENT_COLOR_NAME = AccentColor;
				ASSETCATALOG_COMPILER_WIDGET_BACKGROUND_COLOR_NAME = WidgetBackground;
				CODE_SIGN_STYLE = Automatic;
				CURRENT_PROJECT_VERSION = 1;
				DEVELOPMENT_TEAM = KVX67TSKSQ;
				GENERATE_INFOPLIST_FILE = YES;
				INFOPLIST_FILE = WeatherWidget/Info.plist;
				INFOPLIST_KEY_CFBundleDisplayName = WeatherWidget;
				INFOPLIST_KEY_NSHumanReadableCopyright = "";
				IPHONEOS_DEPLOYMENT_TARGET = 17.2;
				LD_RUNPATH_SEARCH_PATHS = (
					"$(inherited)",
					"@executable_path/Frameworks",
					"@executable_path/../../Frameworks",
				);
				MARKETING_VERSION = 1.0;
				PRODUCT_BUNDLE_IDENTIFIER = net.jihoon.WidgetDemo.WeatherWidget;
				PRODUCT_NAME = "$(TARGET_NAME)";
				SDKROOT = iphoneos;
				SKIP_INSTALL = YES;
				SWIFT_EMIT_LOC_STRINGS = YES;
				SWIFT_VERSION = 5.0;
				TARGETED_DEVICE_FAMILY = "1,2";
				VALIDATE_PRODUCT = YES;
			};
			name = Release;
		};
/* End XCBuildConfiguration section */

/* Begin XCConfigurationList section */
		5C2F526A2B3D12090090F301 /* Build configuration list for PBXProject "WidgetDemo" */ = {
			isa = XCConfigurationList;
			buildConfigurations = (
				5C2F52922B3D120B0090F301 /* Debug */,
				5C2F52932B3D120B0090F301 /* Release */,
			);
			defaultConfigurationIsVisible = 0;
			defaultConfigurationName = Release;
		};
		5C2F52942B3D120B0090F301 /* Build configuration list for PBXNativeTarget "WidgetDemo" */ = {
			isa = XCConfigurationList;
			buildConfigurations = (
				5C2F52952B3D120B0090F301 /* Debug */,
				5C2F52962B3D120B0090F301 /* Release */,
			);
			defaultConfigurationIsVisible = 0;
			defaultConfigurationName = Release;
		};
		5C2F52972B3D120B0090F301 /* Build configuration list for PBXNativeTarget "WidgetDemoTests" */ = {
			isa = XCConfigurationList;
			buildConfigurations = (
				5C2F52982B3D120B0090F301 /* Debug */,
				5C2F52992B3D120B0090F301 /* Release */,
			);
			defaultConfigurationIsVisible = 0;
			defaultConfigurationName = Release;
		};
		5C2F529A2B3D120B0090F301 /* Build configuration list for PBXNativeTarget "WidgetDemoUITests" */ = {
			isa = XCConfigurationList;
			buildConfigurations = (
				5C2F529B2B3D120B0090F301 /* Debug */,
				5C2F529C2B3D120B0090F301 /* Release */,
			);
			defaultConfigurationIsVisible = 0;
			defaultConfigurationName = Release;
		};
		5C2F52B62B3D12910090F301 /* Build configuration list for PBXNativeTarget "WeatherWidgetExtension" */ = {
			isa = XCConfigurationList;
			buildConfigurations = (
				5C2F52B72B3D12910090F301 /* Debug */,
				5C2F52B82B3D12910090F301 /* Release */,
			);
			defaultConfigurationIsVisible = 0;
			defaultConfigurationName = Release;
		};
/* End XCConfigurationList section */
	};
	rootObject = 5C2F52672B3D12090090F301 /* Project object */;
}
